// !$*UTF8*$!
{
	archiveVersion = 1;
	classes = {
	};
	objectVersion = 60;
	objects = {

/* Begin PBXBuildFile section */
		ED07BFF72A314DFE00C5DA72 /* FlowStackExampleApp.swift in Sources */ = {isa = PBXBuildFile; fileRef = ED07BFF62A314DFE00C5DA72 /* FlowStackExampleApp.swift */; };
		ED07BFFB2A314DFE00C5DA72 /* Assets.xcassets in Resources */ = {isa = PBXBuildFile; fileRef = ED07BFFA2A314DFE00C5DA72 /* Assets.xcassets */; };
		ED07BFFE2A314DFE00C5DA72 /* Preview Assets.xcassets in Resources */ = {isa = PBXBuildFile; fileRef = ED07BFFD2A314DFE00C5DA72 /* Preview Assets.xcassets */; };
		ED07C0082A314E6200C5DA72 /* InteractiveScrollViewDismissTest.swift in Sources */ = {isa = PBXBuildFile; fileRef = ED07C0042A314E6200C5DA72 /* InteractiveScrollViewDismissTest.swift */; };
		ED07C0092A314E6200C5DA72 /* ContentView.swift in Sources */ = {isa = PBXBuildFile; fileRef = ED07C0052A314E6200C5DA72 /* ContentView.swift */; };
		ED07C00A2A314E6200C5DA72 /* DisableInteractiveDismissTest.swift in Sources */ = {isa = PBXBuildFile; fileRef = ED07C0062A314E6200C5DA72 /* DisableInteractiveDismissTest.swift */; };
		ED07C00B2A314E6200C5DA72 /* NoAnchorTest.swift in Sources */ = {isa = PBXBuildFile; fileRef = ED07C0072A314E6200C5DA72 /* NoAnchorTest.swift */; };
		ED07C00E2A314EA600C5DA72 /* FlowStack in Frameworks */ = {isa = PBXBuildFile; productRef = ED07C00D2A314EA600C5DA72 /* FlowStack */; };
/* End PBXBuildFile section */

/* Begin PBXFileReference section */
		ED07BFF32A314DFE00C5DA72 /* FlowStackExample.app */ = {isa = PBXFileReference; explicitFileType = wrapper.application; includeInIndex = 0; path = FlowStackExample.app; sourceTree = BUILT_PRODUCTS_DIR; };
		ED07BFF62A314DFE00C5DA72 /* FlowStackExampleApp.swift */ = {isa = PBXFileReference; lastKnownFileType = sourcecode.swift; path = FlowStackExampleApp.swift; sourceTree = "<group>"; };
		ED07BFFA2A314DFE00C5DA72 /* Assets.xcassets */ = {isa = PBXFileReference; lastKnownFileType = folder.assetcatalog; path = Assets.xcassets; sourceTree = "<group>"; };
		ED07BFFD2A314DFE00C5DA72 /* Preview Assets.xcassets */ = {isa = PBXFileReference; lastKnownFileType = folder.assetcatalog; path = "Preview Assets.xcassets"; sourceTree = "<group>"; };
		ED07C0042A314E6200C5DA72 /* InteractiveScrollViewDismissTest.swift */ = {isa = PBXFileReference; fileEncoding = 4; lastKnownFileType = sourcecode.swift; path = InteractiveScrollViewDismissTest.swift; sourceTree = "<group>"; };
		ED07C0052A314E6200C5DA72 /* ContentView.swift */ = {isa = PBXFileReference; fileEncoding = 4; lastKnownFileType = sourcecode.swift; path = ContentView.swift; sourceTree = "<group>"; };
		ED07C0062A314E6200C5DA72 /* DisableInteractiveDismissTest.swift */ = {isa = PBXFileReference; fileEncoding = 4; lastKnownFileType = sourcecode.swift; path = DisableInteractiveDismissTest.swift; sourceTree = "<group>"; };
		ED07C0072A314E6200C5DA72 /* NoAnchorTest.swift */ = {isa = PBXFileReference; fileEncoding = 4; lastKnownFileType = sourcecode.swift; path = NoAnchorTest.swift; sourceTree = "<group>"; };
/* End PBXFileReference section */

/* Begin PBXFrameworksBuildPhase section */
		ED07BFF02A314DFE00C5DA72 /* Frameworks */ = {
			isa = PBXFrameworksBuildPhase;
			buildActionMask = 2147483647;
			files = (
				ED07C00E2A314EA600C5DA72 /* FlowStack in Frameworks */,
			);
			runOnlyForDeploymentPostprocessing = 0;
		};
/* End PBXFrameworksBuildPhase section */

/* Begin PBXGroup section */
		ED07BFEA2A314DFE00C5DA72 = {
			isa = PBXGroup;
			children = (
				ED07BFF52A314DFE00C5DA72 /* FlowStackExample */,
				ED07BFF42A314DFE00C5DA72 /* Products */,
			);
			sourceTree = "<group>";
		};
		ED07BFF42A314DFE00C5DA72 /* Products */ = {
			isa = PBXGroup;
			children = (
				ED07BFF32A314DFE00C5DA72 /* FlowStackExample.app */,
			);
			name = Products;
			sourceTree = "<group>";
		};
		ED07BFF52A314DFE00C5DA72 /* FlowStackExample */ = {
			isa = PBXGroup;
			children = (
				ED07BFF62A314DFE00C5DA72 /* FlowStackExampleApp.swift */,
				ED07C0052A314E6200C5DA72 /* ContentView.swift */,
				ED07C0062A314E6200C5DA72 /* DisableInteractiveDismissTest.swift */,
				ED07C0042A314E6200C5DA72 /* InteractiveScrollViewDismissTest.swift */,
				ED07C0072A314E6200C5DA72 /* NoAnchorTest.swift */,
				ED07BFFA2A314DFE00C5DA72 /* Assets.xcassets */,
				ED07BFFC2A314DFE00C5DA72 /* Preview Content */,
			);
			path = FlowStackExample;
			sourceTree = "<group>";
		};
		ED07BFFC2A314DFE00C5DA72 /* Preview Content */ = {
			isa = PBXGroup;
			children = (
				ED07BFFD2A314DFE00C5DA72 /* Preview Assets.xcassets */,
			);
			path = "Preview Content";
			sourceTree = "<group>";
		};
/* End PBXGroup section */

/* Begin PBXNativeTarget section */
		ED07BFF22A314DFE00C5DA72 /* FlowStackExample */ = {
			isa = PBXNativeTarget;
			buildConfigurationList = ED07C0012A314DFE00C5DA72 /* Build configuration list for PBXNativeTarget "FlowStackExample" */;
			buildPhases = (
				ED07BFEF2A314DFE00C5DA72 /* Sources */,
				ED07BFF02A314DFE00C5DA72 /* Frameworks */,
				ED07BFF12A314DFE00C5DA72 /* Resources */,
			);
			buildRules = (
			);
			dependencies = (
			);
			name = FlowStackExample;
			packageProductDependencies = (
				ED07C00D2A314EA600C5DA72 /* FlowStack */,
			);
			productName = FlowStackExample;
			productReference = ED07BFF32A314DFE00C5DA72 /* FlowStackExample.app */;
			productType = "com.apple.product-type.application";
		};
/* End PBXNativeTarget section */

/* Begin PBXProject section */
		ED07BFEB2A314DFE00C5DA72 /* Project object */ = {
			isa = PBXProject;
			attributes = {
				BuildIndependentTargetsInParallel = 1;
				LastSwiftUpdateCheck = 1500;
				LastUpgradeCheck = 1500;
				TargetAttributes = {
					ED07BFF22A314DFE00C5DA72 = {
						CreatedOnToolsVersion = 15.0;
					};
				};
			};
			buildConfigurationList = ED07BFEE2A314DFE00C5DA72 /* Build configuration list for PBXProject "FlowStackExample" */;
			compatibilityVersion = "Xcode 14.0";
			developmentRegion = en;
			hasScannedForEncodings = 0;
			knownRegions = (
				en,
				Base,
			);
			mainGroup = ED07BFEA2A314DFE00C5DA72;
			packageReferences = (
				ED07C00C2A314EA600C5DA72 /* XCLocalSwiftPackageReference ".." */,
			);
			productRefGroup = ED07BFF42A314DFE00C5DA72 /* Products */;
			projectDirPath = "";
			projectRoot = "";
			targets = (
				ED07BFF22A314DFE00C5DA72 /* FlowStackExample */,
			);
		};
/* End PBXProject section */

/* Begin PBXResourcesBuildPhase section */
		ED07BFF12A314DFE00C5DA72 /* Resources */ = {
			isa = PBXResourcesBuildPhase;
			buildActionMask = 2147483647;
			files = (
				ED07BFFE2A314DFE00C5DA72 /* Preview Assets.xcassets in Resources */,
				ED07BFFB2A314DFE00C5DA72 /* Assets.xcassets in Resources */,
			);
			runOnlyForDeploymentPostprocessing = 0;
		};
/* End PBXResourcesBuildPhase section */

/* Begin PBXSourcesBuildPhase section */
		ED07BFEF2A314DFE00C5DA72 /* Sources */ = {
			isa = PBXSourcesBuildPhase;
			buildActionMask = 2147483647;
			files = (
				ED07C00B2A314E6200C5DA72 /* NoAnchorTest.swift in Sources */,
				ED07C00A2A314E6200C5DA72 /* DisableInteractiveDismissTest.swift in Sources */,
				ED07BFF72A314DFE00C5DA72 /* FlowStackExampleApp.swift in Sources */,
				ED07C0082A314E6200C5DA72 /* InteractiveScrollViewDismissTest.swift in Sources */,
				ED07C0092A314E6200C5DA72 /* ContentView.swift in Sources */,
			);
			runOnlyForDeploymentPostprocessing = 0;
		};
/* End PBXSourcesBuildPhase section */

/* Begin XCBuildConfiguration section */
		ED07BFFF2A314DFE00C5DA72 /* Debug */ = {
			isa = XCBuildConfiguration;
			buildSettings = {
				ALWAYS_SEARCH_USER_PATHS = NO;
				ASSETCATALOG_COMPILER_GENERATE_SWIFT_ASSET_SYMBOL_EXTENSIONS = YES;
				CLANG_ANALYZER_NONNULL = YES;
				CLANG_ANALYZER_NUMBER_OBJECT_CONVERSION = YES_AGGRESSIVE;
				CLANG_CXX_LANGUAGE_STANDARD = "gnu++20";
				CLANG_ENABLE_MODULES = YES;
				CLANG_ENABLE_OBJC_ARC = YES;
				CLANG_ENABLE_OBJC_WEAK = YES;
				CLANG_WARN_BLOCK_CAPTURE_AUTORELEASING = YES;
				CLANG_WARN_BOOL_CONVERSION = YES;
				CLANG_WARN_COMMA = YES;
				CLANG_WARN_CONSTANT_CONVERSION = YES;
				CLANG_WARN_DEPRECATED_OBJC_IMPLEMENTATIONS = YES;
				CLANG_WARN_DIRECT_OBJC_ISA_USAGE = YES_ERROR;
				CLANG_WARN_DOCUMENTATION_COMMENTS = YES;
				CLANG_WARN_EMPTY_BODY = YES;
				CLANG_WARN_ENUM_CONVERSION = YES;
				CLANG_WARN_INFINITE_RECURSION = YES;
				CLANG_WARN_INT_CONVERSION = YES;
				CLANG_WARN_NON_LITERAL_NULL_CONVERSION = YES;
				CLANG_WARN_OBJC_IMPLICIT_RETAIN_SELF = YES;
				CLANG_WARN_OBJC_LITERAL_CONVERSION = YES;
				CLANG_WARN_OBJC_ROOT_CLASS = YES_ERROR;
				CLANG_WARN_QUOTED_INCLUDE_IN_FRAMEWORK_HEADER = YES;
				CLANG_WARN_RANGE_LOOP_ANALYSIS = YES;
				CLANG_WARN_STRICT_PROTOTYPES = YES;
				CLANG_WARN_SUSPICIOUS_MOVE = YES;
				CLANG_WARN_UNGUARDED_AVAILABILITY = YES_AGGRESSIVE;
				CLANG_WARN_UNREACHABLE_CODE = YES;
				CLANG_WARN__DUPLICATE_METHOD_MATCH = YES;
				COPY_PHASE_STRIP = NO;
				DEBUG_INFORMATION_FORMAT = dwarf;
				ENABLE_STRICT_OBJC_MSGSEND = YES;
				ENABLE_TESTABILITY = YES;
				ENABLE_USER_SCRIPT_SANDBOXING = YES;
				GCC_C_LANGUAGE_STANDARD = gnu17;
				GCC_DYNAMIC_NO_PIC = NO;
				GCC_NO_COMMON_BLOCKS = YES;
				GCC_OPTIMIZATION_LEVEL = 0;
				GCC_PREPROCESSOR_DEFINITIONS = (
					"DEBUG=1",
					"$(inherited)",
				);
				GCC_WARN_64_TO_32_BIT_CONVERSION = YES;
				GCC_WARN_ABOUT_RETURN_TYPE = YES_ERROR;
				GCC_WARN_UNDECLARED_SELECTOR = YES;
				GCC_WARN_UNINITIALIZED_AUTOS = YES_AGGRESSIVE;
				GCC_WARN_UNUSED_FUNCTION = YES;
				GCC_WARN_UNUSED_VARIABLE = YES;
				IPHONEOS_DEPLOYMENT_TARGET = 17.0;
				LOCALIZATION_PREFERS_STRING_CATALOGS = YES;
				MTL_ENABLE_DEBUG_INFO = INCLUDE_SOURCE;
				MTL_FAST_MATH = YES;
				ONLY_ACTIVE_ARCH = YES;
				SDKROOT = iphoneos;
				SWIFT_ACTIVE_COMPILATION_CONDITIONS = "DEBUG $(inherited)";
				SWIFT_OPTIMIZATION_LEVEL = "-Onone";
			};
			name = Debug;
		};
		ED07C0002A314DFE00C5DA72 /* Release */ = {
			isa = XCBuildConfiguration;
			buildSettings = {
				ALWAYS_SEARCH_USER_PATHS = NO;
				ASSETCATALOG_COMPILER_GENERATE_SWIFT_ASSET_SYMBOL_EXTENSIONS = YES;
				CLANG_ANALYZER_NONNULL = YES;
				CLANG_ANALYZER_NUMBER_OBJECT_CONVERSION = YES_AGGRESSIVE;
				CLANG_CXX_LANGUAGE_STANDARD = "gnu++20";
				CLANG_ENABLE_MODULES = YES;
				CLANG_ENABLE_OBJC_ARC = YES;
				CLANG_ENABLE_OBJC_WEAK = YES;
				CLANG_WARN_BLOCK_CAPTURE_AUTORELEASING = YES;
				CLANG_WARN_BOOL_CONVERSION = YES;
				CLANG_WARN_COMMA = YES;
				CLANG_WARN_CONSTANT_CONVERSION = YES;
				CLANG_WARN_DEPRECATED_OBJC_IMPLEMENTATIONS = YES;
				CLANG_WARN_DIRECT_OBJC_ISA_USAGE = YES_ERROR;
				CLANG_WARN_DOCUMENTATION_COMMENTS = YES;
				CLANG_WARN_EMPTY_BODY = YES;
				CLANG_WARN_ENUM_CONVERSION = YES;
				CLANG_WARN_INFINITE_RECURSION = YES;
				CLANG_WARN_INT_CONVERSION = YES;
				CLANG_WARN_NON_LITERAL_NULL_CONVERSION = YES;
				CLANG_WARN_OBJC_IMPLICIT_RETAIN_SELF = YES;
				CLANG_WARN_OBJC_LITERAL_CONVERSION = YES;
				CLANG_WARN_OBJC_ROOT_CLASS = YES_ERROR;
				CLANG_WARN_QUOTED_INCLUDE_IN_FRAMEWORK_HEADER = YES;
				CLANG_WARN_RANGE_LOOP_ANALYSIS = YES;
				CLANG_WARN_STRICT_PROTOTYPES = YES;
				CLANG_WARN_SUSPICIOUS_MOVE = YES;
				CLANG_WARN_UNGUARDED_AVAILABILITY = YES_AGGRESSIVE;
				CLANG_WARN_UNREACHABLE_CODE = YES;
				CLANG_WARN__DUPLICATE_METHOD_MATCH = YES;
				COPY_PHASE_STRIP = NO;
				DEBUG_INFORMATION_FORMAT = "dwarf-with-dsym";
				ENABLE_NS_ASSERTIONS = NO;
				ENABLE_STRICT_OBJC_MSGSEND = YES;
				ENABLE_USER_SCRIPT_SANDBOXING = YES;
				GCC_C_LANGUAGE_STANDARD = gnu17;
				GCC_NO_COMMON_BLOCKS = YES;
				GCC_WARN_64_TO_32_BIT_CONVERSION = YES;
				GCC_WARN_ABOUT_RETURN_TYPE = YES_ERROR;
				GCC_WARN_UNDECLARED_SELECTOR = YES;
				GCC_WARN_UNINITIALIZED_AUTOS = YES_AGGRESSIVE;
				GCC_WARN_UNUSED_FUNCTION = YES;
				GCC_WARN_UNUSED_VARIABLE = YES;
				IPHONEOS_DEPLOYMENT_TARGET = 17.0;
				LOCALIZATION_PREFERS_STRING_CATALOGS = YES;
				MTL_ENABLE_DEBUG_INFO = NO;
				MTL_FAST_MATH = YES;
				SDKROOT = iphoneos;
				SWIFT_COMPILATION_MODE = wholemodule;
				VALIDATE_PRODUCT = YES;
			};
			name = Release;
		};
		ED07C0022A314DFE00C5DA72 /* Debug */ = {
			isa = XCBuildConfiguration;
			buildSettings = {
				ASSETCATALOG_COMPILER_APPICON_NAME = AppIcon;
				ASSETCATALOG_COMPILER_GLOBAL_ACCENT_COLOR_NAME = AccentColor;
				CODE_SIGN_STYLE = Automatic;
				CURRENT_PROJECT_VERSION = 1;
				DEVELOPMENT_ASSET_PATHS = "\"FlowStackExample/Preview Content\"";
				DEVELOPMENT_TEAM = DAPFLRCVJA;
				ENABLE_PREVIEWS = YES;
				GENERATE_INFOPLIST_FILE = YES;
				INFOPLIST_KEY_UIApplicationSceneManifest_Generation = YES;
				INFOPLIST_KEY_UIApplicationSupportsIndirectInputEvents = YES;
				INFOPLIST_KEY_UILaunchScreen_Generation = YES;
				INFOPLIST_KEY_UISupportedInterfaceOrientations_iPad = "UIInterfaceOrientationPortrait UIInterfaceOrientationPortraitUpsideDown UIInterfaceOrientationLandscapeLeft UIInterfaceOrientationLandscapeRight";
				INFOPLIST_KEY_UISupportedInterfaceOrientations_iPhone = "UIInterfaceOrientationPortrait UIInterfaceOrientationLandscapeLeft UIInterfaceOrientationLandscapeRight";
				LD_RUNPATH_SEARCH_PATHS = (
					"$(inherited)",
					"@executable_path/Frameworks",
				);
				MARKETING_VERSION = 1.0;
				PRODUCT_BUNDLE_IDENTIFIER = com.velosmobile.FlowStackExample;
				PRODUCT_NAME = "$(TARGET_NAME)";
				SWIFT_EMIT_LOC_STRINGS = YES;
				SWIFT_VERSION = 5.0;
				TARGETED_DEVICE_FAMILY = "1,2";
			};
			name = Debug;
		};
		ED07C0032A314DFE00C5DA72 /* Release */ = {
			isa = XCBuildConfiguration;
			buildSettings = {
				ASSETCATALOG_COMPILER_APPICON_NAME = AppIcon;
				ASSETCATALOG_COMPILER_GLOBAL_ACCENT_COLOR_NAME = AccentColor;
				CODE_SIGN_STYLE = Automatic;
				CURRENT_PROJECT_VERSION = 1;
				DEVELOPMENT_ASSET_PATHS = "\"FlowStackExample/Preview Content\"";
				DEVELOPMENT_TEAM = DAPFLRCVJA;
				ENABLE_PREVIEWS = YES;
				GENERATE_INFOPLIST_FILE = YES;
				INFOPLIST_KEY_UIApplicationSceneManifest_Generation = YES;
				INFOPLIST_KEY_UIApplicationSupportsIndirectInputEvents = YES;
				INFOPLIST_KEY_UILaunchScreen_Generation = YES;
				INFOPLIST_KEY_UISupportedInterfaceOrientations_iPad = "UIInterfaceOrientationPortrait UIInterfaceOrientationPortraitUpsideDown UIInterfaceOrientationLandscapeLeft UIInterfaceOrientationLandscapeRight";
				INFOPLIST_KEY_UISupportedInterfaceOrientations_iPhone = "UIInterfaceOrientationPortrait UIInterfaceOrientationLandscapeLeft UIInterfaceOrientationLandscapeRight";
				LD_RUNPATH_SEARCH_PATHS = (
					"$(inherited)",
					"@executable_path/Frameworks",
				);
				MARKETING_VERSION = 1.0;
				PRODUCT_BUNDLE_IDENTIFIER = com.velosmobile.FlowStackExample;
				PRODUCT_NAME = "$(TARGET_NAME)";
				SWIFT_EMIT_LOC_STRINGS = YES;
				SWIFT_VERSION = 5.0;
				TARGETED_DEVICE_FAMILY = "1,2";
			};
			name = Release;
		};
/* End XCBuildConfiguration section */

/* Begin XCConfigurationList section */
		ED07BFEE2A314DFE00C5DA72 /* Build configuration list for PBXProject "FlowStackExample" */ = {
			isa = XCConfigurationList;
			buildConfigurations = (
				ED07BFFF2A314DFE00C5DA72 /* Debug */,
				ED07C0002A314DFE00C5DA72 /* Release */,
			);
			defaultConfigurationIsVisible = 0;
			defaultConfigurationName = Release;
		};
		ED07C0012A314DFE00C5DA72 /* Build configuration list for PBXNativeTarget "FlowStackExample" */ = {
			isa = XCConfigurationList;
			buildConfigurations = (
				ED07C0022A314DFE00C5DA72 /* Debug */,
				ED07C0032A314DFE00C5DA72 /* Release */,
			);
			defaultConfigurationIsVisible = 0;
			defaultConfigurationName = Release;
		};
/* End XCConfigurationList section */

/* Begin XCLocalSwiftPackageReference section */
		ED07C00C2A314EA600C5DA72 /* XCLocalSwiftPackageReference ".." */ = {
			isa = XCLocalSwiftPackageReference;
			relativePath = ..;
		};
/* End XCLocalSwiftPackageReference section */

/* Begin XCSwiftPackageProductDependency section */
		ED07C00D2A314EA600C5DA72 /* FlowStack */ = {
			isa = XCSwiftPackageProductDependency;
			productName = FlowStack;
		};
/* End XCSwiftPackageProductDependency section */
	};
	rootObject = ED07BFEB2A314DFE00C5DA72 /* Project object */;
}
