// !$*UTF8*$!
{
	archiveVersion = 1;
	classes = {
	};
	objectVersion = 60;
	objects = {

/* Begin PBXBuildFile section */
		96C174DF2D7B8F7100D51569 /* FlowStack in Frameworks */ = {isa = PBXBuildFile; productRef = 96C174DE2D7B8F7100D51569 /* FlowStack */; };
		96C174E12D7B969B00D51569 /* FlowStack in Frameworks */ = {isa = PBXBuildFile; productRef = 96C174E02D7B969B00D51569 /* FlowStack */; };
		ED8DE1652A6765F600215165 /* Assets.xcassets in Resources */ = {isa = PBXBuildFile; fileRef = ED8DE1642A6765F600215165 /* Assets.xcassets */; };
		ED8DE1682A6765F600215165 /* Preview Assets.xcassets in Resources */ = {isa = PBXBuildFile; fileRef = ED8DE1672A6765F600215165 /* Preview Assets.xcassets */; };
		ED8DE1742A6767B900215165 /* FlowStack in Frameworks */ = {isa = PBXBuildFile; productRef = ED8DE1732A6767B900215165 /* FlowStack */; };
		EDA1DD382A67693A00D82A9D /* URLCache+Extensions.swift in Sources */ = {isa = PBXBuildFile; fileRef = EDA1DD362A67693A00D82A9D /* URLCache+Extensions.swift */; };
		EDA1DD392A67693A00D82A9D /* ProductDetails.swift in Sources */ = {isa = PBXBuildFile; fileRef = EDA1DD352A67693A00D82A9D /* ProductDetails.swift */; };
		EDA1DD3A2A67693A00D82A9D /* FlowStackExampleApp.swift in Sources */ = {isa = PBXBuildFile; fileRef = EDA1DD372A67693A00D82A9D /* FlowStackExampleApp.swift */; };
		EDA1DD3B2A67693A00D82A9D /* Product.swift in Sources */ = {isa = PBXBuildFile; fileRef = EDA1DD332A67693A00D82A9D /* Product.swift */; };
		EDA1DD3C2A67693A00D82A9D /* ContentView.swift in Sources */ = {isa = PBXBuildFile; fileRef = EDA1DD342A67693A00D82A9D /* ContentView.swift */; };
		EDFD07BC2A6F319E00CB0737 /* ProductRow.swift in Sources */ = {isa = PBXBuildFile; fileRef = EDFD07BB2A6F319E00CB0737 /* ProductRow.swift */; };
/* End PBXBuildFile section */

/* Begin PBXFileReference section */
		ED183AB22BB4D99A0041F7C7 /* FlowStackExample.entitlements */ = {isa = PBXFileReference; lastKnownFileType = text.plist.entitlements; path = FlowStackExample.entitlements; sourceTree = "<group>"; };
		ED8DE15D2A6765F500215165 /* FlowStackExample.app */ = {isa = PBXFileReference; explicitFileType = wrapper.application; includeInIndex = 0; path = FlowStackExample.app; sourceTree = BUILT_PRODUCTS_DIR; };
		ED8DE1642A6765F600215165 /* Assets.xcassets */ = {isa = PBXFileReference; lastKnownFileType = folder.assetcatalog; path = Assets.xcassets; sourceTree = "<group>"; };
		ED8DE1672A6765F600215165 /* Preview Assets.xcassets */ = {isa = PBXFileReference; lastKnownFileType = folder.assetcatalog; path = "Preview Assets.xcassets"; sourceTree = "<group>"; };
		EDA1DD332A67693A00D82A9D /* Product.swift */ = {isa = PBXFileReference; lastKnownFileType = sourcecode.swift; path = Product.swift; sourceTree = "<group>"; };
		EDA1DD342A67693A00D82A9D /* ContentView.swift */ = {isa = PBXFileReference; lastKnownFileType = sourcecode.swift; path = ContentView.swift; sourceTree = "<group>"; };
		EDA1DD352A67693A00D82A9D /* ProductDetails.swift */ = {isa = PBXFileReference; lastKnownFileType = sourcecode.swift; path = ProductDetails.swift; sourceTree = "<group>"; };
		EDA1DD362A67693A00D82A9D /* URLCache+Extensions.swift */ = {isa = PBXFileReference; lastKnownFileType = sourcecode.swift; path = "URLCache+Extensions.swift"; sourceTree = "<group>"; };
		EDA1DD372A67693A00D82A9D /* FlowStackExampleApp.swift */ = {isa = PBXFileReference; lastKnownFileType = sourcecode.swift; path = FlowStackExampleApp.swift; sourceTree = "<group>"; };
		EDFD07BB2A6F319E00CB0737 /* ProductRow.swift */ = {isa = PBXFileReference; lastKnownFileType = sourcecode.swift; path = ProductRow.swift; sourceTree = "<group>"; };
/* End PBXFileReference section */

/* Begin PBXFrameworksBuildPhase section */
		ED8DE15A2A6765F500215165 /* Frameworks */ = {
			isa = PBXFrameworksBuildPhase;
			buildActionMask = 2147483647;
			files = (
				ED8DE1742A6767B900215165 /* FlowStack in Frameworks */,
				96C174E12D7B969B00D51569 /* FlowStack in Frameworks */,
				96C174DF2D7B8F7100D51569 /* FlowStack in Frameworks */,
			);
			runOnlyForDeploymentPostprocessing = 0;
		};
/* End PBXFrameworksBuildPhase section */

/* Begin PBXGroup section */
		ED8DE1542A6765F500215165 = {
			isa = PBXGroup;
			children = (
				ED8DE1702A67678100215165 /* Packages */,
				ED8DE15F2A6765F500215165 /* FlowStackExample */,
				ED8DE15E2A6765F500215165 /* Products */,
				ED8DE1722A6767B900215165 /* Frameworks */,
			);
			sourceTree = "<group>";
		};
		ED8DE15E2A6765F500215165 /* Products */ = {
			isa = PBXGroup;
			children = (
				ED8DE15D2A6765F500215165 /* FlowStackExample.app */,
			);
			name = Products;
			sourceTree = "<group>";
		};
		ED8DE15F2A6765F500215165 /* FlowStackExample */ = {
			isa = PBXGroup;
			children = (
				ED183AB22BB4D99A0041F7C7 /* FlowStackExample.entitlements */,
				EDA1DD372A67693A00D82A9D /* FlowStackExampleApp.swift */,
				EDA1DD342A67693A00D82A9D /* ContentView.swift */,
				EDFD07BB2A6F319E00CB0737 /* ProductRow.swift */,
				EDA1DD352A67693A00D82A9D /* ProductDetails.swift */,
				EDA1DD332A67693A00D82A9D /* Product.swift */,
				EDA1DD362A67693A00D82A9D /* URLCache+Extensions.swift */,
				ED8DE1642A6765F600215165 /* Assets.xcassets */,
				ED8DE1662A6765F600215165 /* Preview Content */,
			);
			path = FlowStackExample;
			sourceTree = "<group>";
		};
		ED8DE1662A6765F600215165 /* Preview Content */ = {
			isa = PBXGroup;
			children = (
				ED8DE1672A6765F600215165 /* Preview Assets.xcassets */,
			);
			path = "Preview Content";
			sourceTree = "<group>";
		};
		ED8DE1702A67678100215165 /* Packages */ = {
			isa = PBXGroup;
			children = (
			);
			name = Packages;
			sourceTree = "<group>";
		};
		ED8DE1722A6767B900215165 /* Frameworks */ = {
			isa = PBXGroup;
			children = (
			);
			name = Frameworks;
			sourceTree = "<group>";
		};
/* End PBXGroup section */

/* Begin PBXNativeTarget section */
		ED8DE15C2A6765F500215165 /* FlowStackExample */ = {
			isa = PBXNativeTarget;
			buildConfigurationList = ED8DE16B2A6765F600215165 /* Build configuration list for PBXNativeTarget "FlowStackExample" */;
			buildPhases = (
				ED8DE1592A6765F500215165 /* Sources */,
				ED8DE15A2A6765F500215165 /* Frameworks */,
				ED8DE15B2A6765F500215165 /* Resources */,
			);
			buildRules = (
			);
			dependencies = (
			);
			name = FlowStackExample;
			packageProductDependencies = (
				ED8DE1732A6767B900215165 /* FlowStack */,
				96C174DE2D7B8F7100D51569 /* FlowStack */,
				96C174E02D7B969B00D51569 /* FlowStack */,
			);
			productName = FlowStackExample;
			productReference = ED8DE15D2A6765F500215165 /* FlowStackExample.app */;
			productType = "com.apple.product-type.application";
		};
/* End PBXNativeTarget section */

/* Begin PBXProject section */
		ED8DE1552A6765F500215165 /* Project object */ = {
			isa = PBXProject;
			attributes = {
				BuildIndependentTargetsInParallel = 1;
				LastSwiftUpdateCheck = 1430;
				LastUpgradeCheck = 1430;
				TargetAttributes = {
					ED8DE15C2A6765F500215165 = {
						CreatedOnToolsVersion = 14.3.1;
					};
				};
			};
			buildConfigurationList = ED8DE1582A6765F500215165 /* Build configuration list for PBXProject "FlowStackExample" */;
			compatibilityVersion = "Xcode 14.0";
			developmentRegion = en;
			hasScannedForEncodings = 0;
			knownRegions = (
				en,
				Base,
			);
			mainGroup = ED8DE1542A6765F500215165;
			packageReferences = (
				96C174DD2D7B8F7100D51569 /* XCLocalSwiftPackageReference "../../FlowStack" */,
			);
			productRefGroup = ED8DE15E2A6765F500215165 /* Products */;
			projectDirPath = "";
			projectRoot = "";
			targets = (
				ED8DE15C2A6765F500215165 /* FlowStackExample */,
			);
		};
/* End PBXProject section */

/* Begin PBXResourcesBuildPhase section */
		ED8DE15B2A6765F500215165 /* Resources */ = {
			isa = PBXResourcesBuildPhase;
			buildActionMask = 2147483647;
			files = (
				ED8DE1682A6765F600215165 /* Preview Assets.xcassets in Resources */,
				ED8DE1652A6765F600215165 /* Assets.xcassets in Resources */,
			);
			runOnlyForDeploymentPostprocessing = 0;
		};
/* End PBXResourcesBuildPhase section */

/* Begin PBXSourcesBuildPhase section */
		ED8DE1592A6765F500215165 /* Sources */ = {
			isa = PBXSourcesBuildPhase;
			buildActionMask = 2147483647;
			files = (
				EDA1DD382A67693A00D82A9D /* URLCache+Extensions.swift in Sources */,
				EDA1DD3C2A67693A00D82A9D /* ContentView.swift in Sources */,
				EDFD07BC2A6F319E00CB0737 /* ProductRow.swift in Sources */,
				EDA1DD3B2A67693A00D82A9D /* Product.swift in Sources */,
				EDA1DD392A67693A00D82A9D /* ProductDetails.swift in Sources */,
				EDA1DD3A2A67693A00D82A9D /* FlowStackExampleApp.swift in Sources */,
			);
			runOnlyForDeploymentPostprocessing = 0;
		};
/* End PBXSourcesBuildPhase section */

/* Begin XCBuildConfiguration section */
		ED8DE1692A6765F600215165 /* Debug */ = {
			isa = XCBuildConfiguration;
			buildSettings = {
				ALWAYS_SEARCH_USER_PATHS = NO;
				CLANG_ANALYZER_NONNULL = YES;
				CLANG_ANALYZER_NUMBER_OBJECT_CONVERSION = YES_AGGRESSIVE;
				CLANG_CXX_LANGUAGE_STANDARD = "gnu++20";
				CLANG_ENABLE_MODULES = YES;
				CLANG_ENABLE_OBJC_ARC = YES;
				CLANG_ENABLE_OBJC_WEAK = YES;
				CLANG_WARN_BLOCK_CAPTURE_AUTORELEASING = YES;
				CLANG_WARN_BOOL_CONVERSION = YES;
				CLANG_WARN_COMMA = YES;
				CLANG_WARN_CONSTANT_CONVERSION = YES;
				CLANG_WARN_DEPRECATED_OBJC_IMPLEMENTATIONS = YES;
				CLANG_WARN_DIRECT_OBJC_ISA_USAGE = YES_ERROR;
				CLANG_WARN_DOCUMENTATION_COMMENTS = YES;
				CLANG_WARN_EMPTY_BODY = YES;
				CLANG_WARN_ENUM_CONVERSION = YES;
				CLANG_WARN_INFINITE_RECURSION = YES;
				CLANG_WARN_INT_CONVERSION = YES;
				CLANG_WARN_NON_LITERAL_NULL_CONVERSION = YES;
				CLANG_WARN_OBJC_IMPLICIT_RETAIN_SELF = YES;
				CLANG_WARN_OBJC_LITERAL_CONVERSION = YES;
				CLANG_WARN_OBJC_ROOT_CLASS = YES_ERROR;
				CLANG_WARN_QUOTED_INCLUDE_IN_FRAMEWORK_HEADER = YES;
				CLANG_WARN_RANGE_LOOP_ANALYSIS = YES;
				CLANG_WARN_STRICT_PROTOTYPES = YES;
				CLANG_WARN_SUSPICIOUS_MOVE = YES;
				CLANG_WARN_UNGUARDED_AVAILABILITY = YES_AGGRESSIVE;
				CLANG_WARN_UNREACHABLE_CODE = YES;
				CLANG_WARN__DUPLICATE_METHOD_MATCH = YES;
				COPY_PHASE_STRIP = NO;
				DEBUG_INFORMATION_FORMAT = dwarf;
				ENABLE_STRICT_OBJC_MSGSEND = YES;
				ENABLE_TESTABILITY = YES;
				GCC_C_LANGUAGE_STANDARD = gnu11;
				GCC_DYNAMIC_NO_PIC = NO;
				GCC_NO_COMMON_BLOCKS = YES;
				GCC_OPTIMIZATION_LEVEL = 0;
				GCC_PREPROCESSOR_DEFINITIONS = (
					"DEBUG=1",
					"$(inherited)",
				);
				GCC_WARN_64_TO_32_BIT_CONVERSION = YES;
				GCC_WARN_ABOUT_RETURN_TYPE = YES_ERROR;
				GCC_WARN_UNDECLARED_SELECTOR = YES;
				GCC_WARN_UNINITIALIZED_AUTOS = YES_AGGRESSIVE;
				GCC_WARN_UNUSED_FUNCTION = YES;
				GCC_WARN_UNUSED_VARIABLE = YES;
				IPHONEOS_DEPLOYMENT_TARGET = 15.0;
				MTL_ENABLE_DEBUG_INFO = INCLUDE_SOURCE;
				MTL_FAST_MATH = YES;
				ONLY_ACTIVE_ARCH = YES;
				SDKROOT = iphoneos;
				SWIFT_ACTIVE_COMPILATION_CONDITIONS = DEBUG;
				SWIFT_OPTIMIZATION_LEVEL = "-Onone";
			};
			name = Debug;
		};
		ED8DE16A2A6765F600215165 /* Release */ = {
			isa = XCBuildConfiguration;
			buildSettings = {
				ALWAYS_SEARCH_USER_PATHS = NO;
				CLANG_ANALYZER_NONNULL = YES;
				CLANG_ANALYZER_NUMBER_OBJECT_CONVERSION = YES_AGGRESSIVE;
				CLANG_CXX_LANGUAGE_STANDARD = "gnu++20";
				CLANG_ENABLE_MODULES = YES;
				CLANG_ENABLE_OBJC_ARC = YES;
				CLANG_ENABLE_OBJC_WEAK = YES;
				CLANG_WARN_BLOCK_CAPTURE_AUTORELEASING = YES;
				CLANG_WARN_BOOL_CONVERSION = YES;
				CLANG_WARN_COMMA = YES;
				CLANG_WARN_CONSTANT_CONVERSION = YES;
				CLANG_WARN_DEPRECATED_OBJC_IMPLEMENTATIONS = YES;
				CLANG_WARN_DIRECT_OBJC_ISA_USAGE = YES_ERROR;
				CLANG_WARN_DOCUMENTATION_COMMENTS = YES;
				CLANG_WARN_EMPTY_BODY = YES;
				CLANG_WARN_ENUM_CONVERSION = YES;
				CLANG_WARN_INFINITE_RECURSION = YES;
				CLANG_WARN_INT_CONVERSION = YES;
				CLANG_WARN_NON_LITERAL_NULL_CONVERSION = YES;
				CLANG_WARN_OBJC_IMPLICIT_RETAIN_SELF = YES;
				CLANG_WARN_OBJC_LITERAL_CONVERSION = YES;
				CLANG_WARN_OBJC_ROOT_CLASS = YES_ERROR;
				CLANG_WARN_QUOTED_INCLUDE_IN_FRAMEWORK_HEADER = YES;
				CLANG_WARN_RANGE_LOOP_ANALYSIS = YES;
				CLANG_WARN_STRICT_PROTOTYPES = YES;
				CLANG_WARN_SUSPICIOUS_MOVE = YES;
				CLANG_WARN_UNGUARDED_AVAILABILITY = YES_AGGRESSIVE;
				CLANG_WARN_UNREACHABLE_CODE = YES;
				CLANG_WARN__DUPLICATE_METHOD_MATCH = YES;
				COPY_PHASE_STRIP = NO;
				DEBUG_INFORMATION_FORMAT = "dwarf-with-dsym";
				ENABLE_NS_ASSERTIONS = NO;
				ENABLE_STRICT_OBJC_MSGSEND = YES;
				GCC_C_LANGUAGE_STANDARD = gnu11;
				GCC_NO_COMMON_BLOCKS = YES;
				GCC_WARN_64_TO_32_BIT_CONVERSION = YES;
				GCC_WARN_ABOUT_RETURN_TYPE = YES_ERROR;
				GCC_WARN_UNDECLARED_SELECTOR = YES;
				GCC_WARN_UNINITIALIZED_AUTOS = YES_AGGRESSIVE;
				GCC_WARN_UNUSED_FUNCTION = YES;
				GCC_WARN_UNUSED_VARIABLE = YES;
				IPHONEOS_DEPLOYMENT_TARGET = 15.0;
				MTL_ENABLE_DEBUG_INFO = NO;
				MTL_FAST_MATH = YES;
				SDKROOT = iphoneos;
				SWIFT_COMPILATION_MODE = wholemodule;
				SWIFT_OPTIMIZATION_LEVEL = "-O";
				VALIDATE_PRODUCT = YES;
			};
			name = Release;
		};
		ED8DE16C2A6765F600215165 /* Debug */ = {
			isa = XCBuildConfiguration;
			buildSettings = {
				ASSETCATALOG_COMPILER_APPICON_NAME = AppIcon;
				ASSETCATALOG_COMPILER_GLOBAL_ACCENT_COLOR_NAME = AccentColor;
				CODE_SIGN_ENTITLEMENTS = FlowStackExample/FlowStackExample.entitlements;
				CODE_SIGN_STYLE = Automatic;
				CURRENT_PROJECT_VERSION = 1;
				DEVELOPMENT_ASSET_PATHS = "\"FlowStackExample/Preview Content\"";
				DEVELOPMENT_TEAM = L979M8V7RW;
				ENABLE_PREVIEWS = YES;
				GENERATE_INFOPLIST_FILE = YES;
				INFOPLIST_KEY_UIApplicationSceneManifest_Generation = YES;
				INFOPLIST_KEY_UIApplicationSupportsIndirectInputEvents = YES;
				INFOPLIST_KEY_UILaunchScreen_Generation = YES;
				INFOPLIST_KEY_UISupportedInterfaceOrientations = UIInterfaceOrientationPortrait;
				INFOPLIST_KEY_UISupportedInterfaceOrientations_iPad = "UIInterfaceOrientationLandscapeLeft UIInterfaceOrientationLandscapeRight UIInterfaceOrientationPortrait";
				IPHONEOS_DEPLOYMENT_TARGET = 17.5;
				LD_RUNPATH_SEARCH_PATHS = (
					"$(inherited)",
					"@executable_path/Frameworks",
				);
				MARKETING_VERSION = 1.0;
				PRODUCT_BUNDLE_IDENTIFIER = com.velosmobile.FlowStackExample;
				PRODUCT_NAME = "$(TARGET_NAME)";
				SUPPORTED_PLATFORMS = "iphoneos iphonesimulator";
				SUPPORTS_MACCATALYST = YES;
				SWIFT_EMIT_LOC_STRINGS = YES;
				SWIFT_VERSION = 5.0;
				TARGETED_DEVICE_FAMILY = "1,2";
			};
			name = Debug;
		};
		ED8DE16D2A6765F600215165 /* Release */ = {
			isa = XCBuildConfiguration;
			buildSettings = {
				ASSETCATALOG_COMPILER_APPICON_NAME = AppIcon;
				ASSETCATALOG_COMPILER_GLOBAL_ACCENT_COLOR_NAME = AccentColor;
				CODE_SIGN_ENTITLEMENTS = FlowStackExample/FlowStackExample.entitlements;
				CODE_SIGN_STYLE = Automatic;
				CURRENT_PROJECT_VERSION = 1;
				DEVELOPMENT_ASSET_PATHS = "\"FlowStackExample/Preview Content\"";
				DEVELOPMENT_TEAM = L979M8V7RW;
				ENABLE_PREVIEWS = YES;
				GENERATE_INFOPLIST_FILE = YES;
				INFOPLIST_KEY_UIApplicationSceneManifest_Generation = YES;
				INFOPLIST_KEY_UIApplicationSupportsIndirectInputEvents = YES;
				INFOPLIST_KEY_UILaunchScreen_Generation = YES;
				INFOPLIST_KEY_UISupportedInterfaceOrientations = UIInterfaceOrientationPortrait;
				INFOPLIST_KEY_UISupportedInterfaceOrientations_iPad = "UIInterfaceOrientationLandscapeLeft UIInterfaceOrientationLandscapeRight UIInterfaceOrientationPortrait";
				IPHONEOS_DEPLOYMENT_TARGET = 17.5;
				LD_RUNPATH_SEARCH_PATHS = (
					"$(inherited)",
					"@executable_path/Frameworks",
				);
				MARKETING_VERSION = 1.0;
				PRODUCT_BUNDLE_IDENTIFIER = com.velosmobile.FlowStackExample;
				PRODUCT_NAME = "$(TARGET_NAME)";
				SUPPORTED_PLATFORMS = "iphoneos iphonesimulator";
				SUPPORTS_MACCATALYST = YES;
				SWIFT_EMIT_LOC_STRINGS = YES;
				SWIFT_VERSION = 5.0;
				TARGETED_DEVICE_FAMILY = "1,2";
			};
			name = Release;
		};
/* End XCBuildConfiguration section */

/* Begin XCConfigurationList section */
		ED8DE1582A6765F500215165 /* Build configuration list for PBXProject "FlowStackExample" */ = {
			isa = XCConfigurationList;
			buildConfigurations = (
				ED8DE1692A6765F600215165 /* Debug */,
				ED8DE16A2A6765F600215165 /* Release */,
			);
			defaultConfigurationIsVisible = 0;
			defaultConfigurationName = Release;
		};
		ED8DE16B2A6765F600215165 /* Build configuration list for PBXNativeTarget "FlowStackExample" */ = {
			isa = XCConfigurationList;
			buildConfigurations = (
				ED8DE16C2A6765F600215165 /* Debug */,
				ED8DE16D2A6765F600215165 /* Release */,
			);
			defaultConfigurationIsVisible = 0;
			defaultConfigurationName = Release;
		};
/* End XCConfigurationList section */

/* Begin XCLocalSwiftPackageReference section */
		96C174DD2D7B8F7100D51569 /* XCLocalSwiftPackageReference "../../FlowStack" */ = {
			isa = XCLocalSwiftPackageReference;
			relativePath = ../../FlowStack;
		};
/* End XCLocalSwiftPackageReference section */

/* Begin XCSwiftPackageProductDependency section */
		96C174DE2D7B8F7100D51569 /* FlowStack */ = {
			isa = XCSwiftPackageProductDependency;
			productName = FlowStack;
		};
		96C174E02D7B969B00D51569 /* FlowStack */ = {
			isa = XCSwiftPackageProductDependency;
			productName = FlowStack;
		};
		ED8DE1732A6767B900215165 /* FlowStack */ = {
			isa = XCSwiftPackageProductDependency;
			productName = FlowStack;
		};
/* End XCSwiftPackageProductDependency section */
	};
	rootObject = ED8DE1552A6765F500215165 /* Project object */;
}
